{
  "originHash" : "d0cff75121b0214f256cda9cbe276fdda090b4e467302c8417501de673596cbe",
  "pins" : [
    {
      "identity" : "phonenumberkit",
      "kind" : "remoteSourceControl",
      "location" : "https://github.com/marmelroy/PhoneNumberKit",
      "state" : {
        "revision" : "4eda4fe8f3cf83411ee55a08adefba21b1557c3f",
        "version" : "4.1.3"
      }
    },
    {
      "identity" : "salesforcemobilesdk-ios-spm",
      "kind" : "remoteSourceControl",
      "location" : "https://github.com/forcedotcom/SalesforceMobileSDK-iOS-SPM",
      "state" : {
        "revision" : "2ec4395299548c4e4d333c502d9d2f295b4efbd3",
        "version" : "13.0.1"
      }
    },
    {
      "identity" : "sqlite.swift",
      "kind" : "remoteSourceControl",
      "location" : "https://github.com/stephencelis/SQLite.swift",
      "state" : {
        "revision" : "392dd6058624d9f6c5b4c769d165ddd8c7293394",
        "version" : "0.15.4"
      }
    },
    {
      "identity" : "swift-toolchain-sqlite",
      "kind" : "remoteSourceControl",
      "location" : "https://github.com/swiftlang/swift-toolchain-sqlite",
      "state" : {
        "revision" : "b626d3002773b1a1304166643e7f118f724b2132",
        "version" : "1.0.4"
      }
    }
  ],
  "version" : 3
}
