// !$*UTF8*$!
{
	archiveVersion = 1;
	classes = {
	};
	objectVersion = 77;
	objects = {

/* Begin PBXBuildFile section */
		C53F34042DE9E60900372BEE /* SQLite in Frameworks */ = {isa = PBXBuildFile; productRef = C53F34032DE9E60900372BEE /* SQLite */; };
		C5855D892DF073A700B479AE /* .gitignore in Resources */ = {isa = PBXBuildFile; fileRef = C5855D882DF073A300B479AE /* .gitignore */; };
		C5E6A7202E2BE6CD00EC05F4 /* WidgetKit.framework in Frameworks */ = {isa = PBXBuildFile; fileRef = C5E6A71F2E2BE6CD00EC05F4 /* WidgetKit.framework */; };
		C5E6A7222E2BE6CD00EC05F4 /* SwiftUI.framework in Frameworks */ = {isa = PBXBuildFile; fileRef = C5E6A7212E2BE6CD00EC05F4 /* SwiftUI.framework */; };
		C5E6A72F2E2BE6CD00EC05F4 /* d2d-widget-serviceExtension.appex in Embed Foundation Extensions */ = {isa = PBXBuildFile; fileRef = C5E6A71D2E2BE6CD00EC05F4 /* d2d-widget-serviceExtension.appex */; settings = {ATTRIBUTES = (RemoveHeadersOnCopy, ); }; };
		C5FB3DCB2E2D81FD00586E5D /* PhoneNumberKit in Frameworks */ = {isa = PBXBuildFile; productRef = C5FB3DCA2E2D81FD00586E5D /* PhoneNumberKit */; };
		C5FB3DCF2E2D81FD00586E5D /* PhoneNumberKit-Static in Frameworks */ = {isa = PBXBuildFile; productRef = C5FB3DCE2E2D81FD00586E5D /* PhoneNumberKit-Static */; };
/* End PBXBuildFile section */

/* Begin PBXContainerItemProxy section */
		C5BE4B422DE7CC9F005C37B1 /* PBXContainerItemProxy */ = {
			isa = PBXContainerItemProxy;
			containerPortal = C5BE4B2C2DE7CC9E005C37B1 /* Project object */;
			proxyType = 1;
			remoteGlobalIDString = C5BE4B332DE7CC9E005C37B1;
			remoteInfo = "d2d-map-service";
		};
		C5BE4B4C2DE7CC9F005C37B1 /* PBXContainerItemProxy */ = {
			isa = PBXContainerItemProxy;
			containerPortal = C5BE4B2C2DE7CC9E005C37B1 /* Project object */;
			proxyType = 1;
			remoteGlobalIDString = C5BE4B332DE7CC9E005C37B1;
			remoteInfo = "d2d-map-service";
		};
		C5E6A72D2E2BE6CD00EC05F4 /* PBXContainerItemProxy */ = {
			isa = PBXContainerItemProxy;
			containerPortal = C5BE4B2C2DE7CC9E005C37B1 /* Project object */;
			proxyType = 1;
			remoteGlobalIDString = C5E6A71C2E2BE6CD00EC05F4;
			remoteInfo = "d2d-widget-serviceExtension";
		};
/* End PBXContainerItemProxy section */

/* Begin PBXCopyFilesBuildPhase section */
		C5E6A7302E2BE6CD00EC05F4 /* Embed Foundation Extensions */ = {
			isa = PBXCopyFilesBuildPhase;
			buildActionMask = 2147483647;
			dstPath = "";
			dstSubfolderSpec = 13;
			files = (
				C5E6A72F2E2BE6CD00EC05F4 /* d2d-widget-serviceExtension.appex in Embed Foundation Extensions */,
			);
			name = "Embed Foundation Extensions";
			runOnlyForDeploymentPostprocessing = 0;
		};
		C5FB3DD72E2D848700586E5D /* Embed Frameworks */ = {
			isa = PBXCopyFilesBuildPhase;
			buildActionMask = 2147483647;
			dstPath = "";
			dstSubfolderSpec = 10;
			files = (
			);
			name = "Embed Frameworks";
			runOnlyForDeploymentPostprocessing = 0;
		};
		C5FB3DD92E2D849300586E5D /* Embed Frameworks */ = {
			isa = PBXCopyFilesBuildPhase;
			buildActionMask = 2147483647;
			dstPath = "";
			dstSubfolderSpec = 10;
			files = (
			);
			name = "Embed Frameworks";
			runOnlyForDeploymentPostprocessing = 0;
		};
/* End PBXCopyFilesBuildPhase section */

/* Begin PBXFileReference section */
		C54048432DF4B32A00721D49 /* README.md */ = {isa = PBXFileReference; lastKnownFileType = net.daringfireball.markdown; path = README.md; sourceTree = "<group>"; };
		C5855D882DF073A300B479AE /* .gitignore */ = {isa = PBXFileReference; lastKnownFileType = text; path = .gitignore; sourceTree = "<group>"; };
		C5BE4B342DE7CC9E005C37B1 /* d2d-studio.app */ = {isa = PBXFileReference; explicitFileType = wrapper.application; includeInIndex = 0; path = "d2d-studio.app"; sourceTree = BUILT_PRODUCTS_DIR; };
		C5BE4B412DE7CC9F005C37B1 /* d2d-map-serviceTests.xctest */ = {isa = PBXFileReference; explicitFileType = wrapper.cfbundle; includeInIndex = 0; path = "d2d-map-serviceTests.xctest"; sourceTree = BUILT_PRODUCTS_DIR; };
		C5BE4B4B2DE7CC9F005C37B1 /* d2d-map-serviceUITests.xctest */ = {isa = PBXFileReference; explicitFileType = wrapper.cfbundle; includeInIndex = 0; path = "d2d-map-serviceUITests.xctest"; sourceTree = BUILT_PRODUCTS_DIR; };
		C5CDA5B22E15A65300FD96B7 /* PRIVACYPOLICY.md */ = {isa = PBXFileReference; lastKnownFileType = net.daringfireball.markdown; path = PRIVACYPOLICY.md; sourceTree = "<group>"; };
		C5E6A71D2E2BE6CD00EC05F4 /* d2d-widget-serviceExtension.appex */ = {isa = PBXFileReference; explicitFileType = "wrapper.app-extension"; includeInIndex = 0; path = "d2d-widget-serviceExtension.appex"; sourceTree = BUILT_PRODUCTS_DIR; };
		C5E6A71F2E2BE6CD00EC05F4 /* WidgetKit.framework */ = {isa = PBXFileReference; lastKnownFileType = wrapper.framework; name = WidgetKit.framework; path = System/Library/Frameworks/WidgetKit.framework; sourceTree = SDKROOT; };
		C5E6A7212E2BE6CD00EC05F4 /* SwiftUI.framework */ = {isa = PBXFileReference; lastKnownFileType = wrapper.framework; name = SwiftUI.framework; path = System/Library/Frameworks/SwiftUI.framework; sourceTree = SDKROOT; };
		C5E6A7362E2BEBCF00EC05F4 /* d2d-widget-serviceExtension.entitlements */ = {isa = PBXFileReference; lastKnownFileType = text.plist.entitlements; path = "d2d-widget-serviceExtension.entitlements"; sourceTree = "<group>"; };
		C5E9F14F2DEB6CAB000A771B /* d2d-map-service.xctestplan */ = {isa = PBXFileReference; lastKnownFileType = text; path = "d2d-map-service.xctestplan"; sourceTree = "<group>"; };
/* End PBXFileReference section */

/* Begin PBXFileSystemSynchronizedBuildFileExceptionSet section */
		C56CD3832E19929D00232EF7 /* Exceptions for "d2d-studio" folder in "d2d-studio" target */ = {
			isa = PBXFileSystemSynchronizedBuildFileExceptionSet;
			membershipExceptions = (
				Info.plist,
			);
			target = C5BE4B332DE7CC9E005C37B1 /* d2d-studio */;
		};
		C5E6A7342E2BE6CD00EC05F4 /* Exceptions for "d2d-widget-service" folder in "d2d-widget-serviceExtension" target */ = {
			isa = PBXFileSystemSynchronizedBuildFileExceptionSet;
			membershipExceptions = (
				Info.plist,
			);
			target = C5E6A71C2E2BE6CD00EC05F4 /* d2d-widget-serviceExtension */;
		};
/* End PBXFileSystemSynchronizedBuildFileExceptionSet section */

/* Begin PBXFileSystemSynchronizedRootGroup section */
		C511DEA22E40EF5C001BAA36 /* d2d-trip-manager-service */ = {
			isa = PBXFileSystemSynchronizedRootGroup;
			path = "d2d-trip-manager-service";
			sourceTree = "<group>";
		};
		C511E0372E40F502001BAA36 /* d2d-search-engine-service */ = {
			isa = PBXFileSystemSynchronizedRootGroup;
			path = "d2d-search-engine-service";
			sourceTree = "<group>";
		};
		C51C3CC42E82FAA80081B571 /* d2d-customer-management-service */ = {
			isa = PBXFileSystemSynchronizedRootGroup;
			path = "d2d-customer-management-service";
			sourceTree = "<group>";
		};
		C5328C812E1B1D180057F68E /* d2d-follow-up-service */ = {
			isa = PBXFileSystemSynchronizedRootGroup;
			path = "d2d-follow-up-service";
			sourceTree = "<group>";
		};
		C55449012E5A104300677585 /* d2d-ad-engine-service */ = {
			isa = PBXFileSystemSynchronizedRootGroup;
			path = "d2d-ad-engine-service";
			sourceTree = "<group>";
		};
		C55E795A2E450CB400D1EA0C /* d2d-activity-management-service */ = {
			isa = PBXFileSystemSynchronizedRootGroup;
			path = "d2d-activity-management-service";
			sourceTree = "<group>";
		};
		C56CD3852E1993CB00232EF7 /* d2d-territory-management-service */ = {
			isa = PBXFileSystemSynchronizedRootGroup;
			path = "d2d-territory-management-service";
			sourceTree = "<group>";
		};
		C59705F92E198214006C3B55 /* d2d-contact-management-service */ = {
			isa = PBXFileSystemSynchronizedRootGroup;
			path = "d2d-contact-management-service";
			sourceTree = "<group>";
		};
		C5B1B5652E3FC3A6004766E8 /* d2d-objections-manager-service */ = {
			isa = PBXFileSystemSynchronizedRootGroup;
			path = "d2d-objections-manager-service";
			sourceTree = "<group>";
		};
		C5B1B5662E3FC3AE004766E8 /* d2d-recording-manager-service */ = {
			isa = PBXFileSystemSynchronizedRootGroup;
			path = "d2d-recording-manager-service";
			sourceTree = "<group>";
		};
		C5BE4B362DE7CC9E005C37B1 /* d2d-studio */ = {
			isa = PBXFileSystemSynchronizedRootGroup;
			exceptions = (
				C56CD3832E19929D00232EF7 /* Exceptions for "d2d-studio" folder in "d2d-studio" target */,
			);
			path = "d2d-studio";
			sourceTree = "<group>";
		};
		C5BE4B442DE7CC9F005C37B1 /* d2d-map-serviceTests */ = {
			isa = PBXFileSystemSynchronizedRootGroup;
			path = "d2d-map-serviceTests";
			sourceTree = "<group>";
		};
		C5BE4B4E2DE7CC9F005C37B1 /* d2d-map-serviceUITests */ = {
			isa = PBXFileSystemSynchronizedRootGroup;
			path = "d2d-map-serviceUITests";
			sourceTree = "<group>";
		};
		C5E346E02E82F62D00CAE776 /* d2d-prospect-management-service */ = {
			isa = PBXFileSystemSynchronizedRootGroup;
			path = "d2d-prospect-management-service";
			sourceTree = "<group>";
		};
		C5E6A7232E2BE6CD00EC05F4 /* d2d-widget-service */ = {
			isa = PBXFileSystemSynchronizedRootGroup;
			exceptions = (
				C5E6A7342E2BE6CD00EC05F4 /* Exceptions for "d2d-widget-service" folder in "d2d-widget-serviceExtension" target */,
			);
			path = "d2d-widget-service";
			sourceTree = "<group>";
		};
/* End PBXFileSystemSynchronizedRootGroup section */

/* Begin PBXFrameworksBuildPhase section */
		C5BE4B312DE7CC9E005C37B1 /* Frameworks */ = {
			isa = PBXFrameworksBuildPhase;
			buildActionMask = 2147483647;
			files = (
				C5FB3DCF2E2D81FD00586E5D /* PhoneNumberKit-Static in Frameworks */,
				C53F34042DE9E60900372BEE /* SQLite in Frameworks */,
				C5FB3DCB2E2D81FD00586E5D /* PhoneNumberKit in Frameworks */,
			);
			runOnlyForDeploymentPostprocessing = 0;
		};
		C5BE4B3E2DE7CC9F005C37B1 /* Frameworks */ = {
			isa = PBXFrameworksBuildPhase;
			buildActionMask = 2147483647;
			files = (
			);
			runOnlyForDeploymentPostprocessing = 0;
		};
		C5BE4B482DE7CC9F005C37B1 /* Frameworks */ = {
			isa = PBXFrameworksBuildPhase;
			buildActionMask = 2147483647;
			files = (
			);
			runOnlyForDeploymentPostprocessing = 0;
		};
		C5E6A71A2E2BE6CD00EC05F4 /* Frameworks */ = {
			isa = PBXFrameworksBuildPhase;
			buildActionMask = 2147483647;
			files = (
				C5E6A7222E2BE6CD00EC05F4 /* SwiftUI.framework in Frameworks */,
				C5E6A7202E2BE6CD00EC05F4 /* WidgetKit.framework in Frameworks */,
			);
			runOnlyForDeploymentPostprocessing = 0;
		};
/* End PBXFrameworksBuildPhase section */

/* Begin PBXGroup section */
		C5BE4B2B2DE7CC9E005C37B1 = {
			isa = PBXGroup;
			children = (
				C5E6A7362E2BEBCF00EC05F4 /* d2d-widget-serviceExtension.entitlements */,
				C5CDA5B22E15A65300FD96B7 /* PRIVACYPOLICY.md */,
				C54048432DF4B32A00721D49 /* README.md */,
				C5855D882DF073A300B479AE /* .gitignore */,
				C5E9F14F2DEB6CAB000A771B /* d2d-map-service.xctestplan */,
				C5BE4B362DE7CC9E005C37B1 /* d2d-studio */,
				C5E6A7232E2BE6CD00EC05F4 /* d2d-widget-service */,
				C55449012E5A104300677585 /* d2d-ad-engine-service */,
				C59705F92E198214006C3B55 /* d2d-contact-management-service */,
				C5E346E02E82F62D00CAE776 /* d2d-prospect-management-service */,
				C51C3CC42E82FAA80081B571 /* d2d-customer-management-service */,
				C56CD3852E1993CB00232EF7 /* d2d-territory-management-service */,
				C55E795A2E450CB400D1EA0C /* d2d-activity-management-service */,
				C511E0372E40F502001BAA36 /* d2d-search-engine-service */,
				C5328C812E1B1D180057F68E /* d2d-follow-up-service */,
				C511DEA22E40EF5C001BAA36 /* d2d-trip-manager-service */,
				C5B1B5652E3FC3A6004766E8 /* d2d-objections-manager-service */,
				C5B1B5662E3FC3AE004766E8 /* d2d-recording-manager-service */,
				C5BE4B442DE7CC9F005C37B1 /* d2d-map-serviceTests */,
				C5BE4B4E2DE7CC9F005C37B1 /* d2d-map-serviceUITests */,
				C5E6A71E2E2BE6CD00EC05F4 /* Frameworks */,
				C5BE4B352DE7CC9E005C37B1 /* Products */,
			);
			sourceTree = "<group>";
		};
		C5BE4B352DE7CC9E005C37B1 /* Products */ = {
			isa = PBXGroup;
			children = (
				C5BE4B342DE7CC9E005C37B1 /* d2d-studio.app */,
				C5BE4B412DE7CC9F005C37B1 /* d2d-map-serviceTests.xctest */,
				C5BE4B4B2DE7CC9F005C37B1 /* d2d-map-serviceUITests.xctest */,
				C5E6A71D2E2BE6CD00EC05F4 /* d2d-widget-serviceExtension.appex */,
			);
			name = Products;
			sourceTree = "<group>";
		};
		C5E6A71E2E2BE6CD00EC05F4 /* Frameworks */ = {
			isa = PBXGroup;
			children = (
				C5E6A71F2E2BE6CD00EC05F4 /* WidgetKit.framework */,
				C5E6A7212E2BE6CD00EC05F4 /* SwiftUI.framework */,
			);
			name = Frameworks;
			sourceTree = "<group>";
		};
/* End PBXGroup section */

/* Begin PBXNativeTarget section */
		C5BE4B332DE7CC9E005C37B1 /* d2d-studio */ = {
			isa = PBXNativeTarget;
			buildConfigurationList = C5BE4B552DE7CC9F005C37B1 /* Build configuration list for PBXNativeTarget "d2d-studio" */;
			buildPhases = (
				C5BE4B302DE7CC9E005C37B1 /* Sources */,
				C5BE4B312DE7CC9E005C37B1 /* Frameworks */,
				C5BE4B322DE7CC9E005C37B1 /* Resources */,
				C5E6A7302E2BE6CD00EC05F4 /* Embed Foundation Extensions */,
				C5FB3DD92E2D849300586E5D /* Embed Frameworks */,
			);
			buildRules = (
			);
			dependencies = (
				C5E6A72E2E2BE6CD00EC05F4 /* PBXTargetDependency */,
			);
			fileSystemSynchronizedGroups = (
				C511DEA22E40EF5C001BAA36 /* d2d-trip-manager-service */,
				C511E0372E40F502001BAA36 /* d2d-search-engine-service */,
				C51C3CC42E82FAA80081B571 /* d2d-customer-management-service */,
				C5328C812E1B1D180057F68E /* d2d-follow-up-service */,
				C55449012E5A104300677585 /* d2d-ad-engine-service */,
				C55E795A2E450CB400D1EA0C /* d2d-activity-management-service */,
				C56CD3852E1993CB00232EF7 /* d2d-territory-management-service */,
				C59705F92E198214006C3B55 /* d2d-contact-management-service */,
				C5B1B5652E3FC3A6004766E8 /* d2d-objections-manager-service */,
				C5B1B5662E3FC3AE004766E8 /* d2d-recording-manager-service */,
				C5BE4B362DE7CC9E005C37B1 /* d2d-studio */,
				C5E346E02E82F62D00CAE776 /* d2d-prospect-management-service */,
			);
			name = "d2d-studio";
			packageProductDependencies = (
				C53F34032DE9E60900372BEE /* SQLite */,
				C5FB3DCA2E2D81FD00586E5D /* PhoneNumberKit */,
				C5FB3DCE2E2D81FD00586E5D /* PhoneNumberKit-Static */,
			);
			productName = "d2d-map-service";
			productReference = C5BE4B342DE7CC9E005C37B1 /* d2d-studio.app */;
			productType = "com.apple.product-type.application";
		};
		C5BE4B402DE7CC9F005C37B1 /* d2d-map-serviceTests */ = {
			isa = PBXNativeTarget;
			buildConfigurationList = C5BE4B582DE7CC9F005C37B1 /* Build configuration list for PBXNativeTarget "d2d-map-serviceTests" */;
			buildPhases = (
				C5BE4B3D2DE7CC9F005C37B1 /* Sources */,
				C5BE4B3E2DE7CC9F005C37B1 /* Frameworks */,
				C5BE4B3F2DE7CC9F005C37B1 /* Resources */,
			);
			buildRules = (
			);
			dependencies = (
				C5BE4B432DE7CC9F005C37B1 /* PBXTargetDependency */,
			);
			fileSystemSynchronizedGroups = (
				C5BE4B442DE7CC9F005C37B1 /* d2d-map-serviceTests */,
			);
			name = "d2d-map-serviceTests";
			packageProductDependencies = (
			);
			productName = "d2d-map-serviceTests";
			productReference = C5BE4B412DE7CC9F005C37B1 /* d2d-map-serviceTests.xctest */;
			productType = "com.apple.product-type.bundle.unit-test";
		};
		C5BE4B4A2DE7CC9F005C37B1 /* d2d-map-serviceUITests */ = {
			isa = PBXNativeTarget;
			buildConfigurationList = C5BE4B5B2DE7CC9F005C37B1 /* Build configuration list for PBXNativeTarget "d2d-map-serviceUITests" */;
			buildPhases = (
				C5BE4B472DE7CC9F005C37B1 /* Sources */,
				C5BE4B482DE7CC9F005C37B1 /* Frameworks */,
				C5BE4B492DE7CC9F005C37B1 /* Resources */,
			);
			buildRules = (
			);
			dependencies = (
				C5BE4B4D2DE7CC9F005C37B1 /* PBXTargetDependency */,
			);
			fileSystemSynchronizedGroups = (
				C5BE4B4E2DE7CC9F005C37B1 /* d2d-map-serviceUITests */,
			);
			name = "d2d-map-serviceUITests";
			packageProductDependencies = (
			);
			productName = "d2d-map-serviceUITests";
			productReference = C5BE4B4B2DE7CC9F005C37B1 /* d2d-map-serviceUITests.xctest */;
			productType = "com.apple.product-type.bundle.ui-testing";
		};
		C5E6A71C2E2BE6CD00EC05F4 /* d2d-widget-serviceExtension */ = {
			isa = PBXNativeTarget;
			buildConfigurationList = C5E6A7332E2BE6CD00EC05F4 /* Build configuration list for PBXNativeTarget "d2d-widget-serviceExtension" */;
			buildPhases = (
				C5E6A7192E2BE6CD00EC05F4 /* Sources */,
				C5E6A71A2E2BE6CD00EC05F4 /* Frameworks */,
				C5E6A71B2E2BE6CD00EC05F4 /* Resources */,
				C5FB3DD72E2D848700586E5D /* Embed Frameworks */,
			);
			buildRules = (
			);
			dependencies = (
			);
			fileSystemSynchronizedGroups = (
				C5E6A7232E2BE6CD00EC05F4 /* d2d-widget-service */,
			);
			name = "d2d-widget-serviceExtension";
			packageProductDependencies = (
			);
			productName = "d2d-widget-serviceExtension";
			productReference = C5E6A71D2E2BE6CD00EC05F4 /* d2d-widget-serviceExtension.appex */;
			productType = "com.apple.product-type.app-extension";
		};
/* End PBXNativeTarget section */

/* Begin PBXProject section */
		C5BE4B2C2DE7CC9E005C37B1 /* Project object */ = {
			isa = PBXProject;
			attributes = {
				BuildIndependentTargetsInParallel = 1;
				LastSwiftUpdateCheck = 1640;
				LastUpgradeCheck = 1630;
				TargetAttributes = {
					C5BE4B332DE7CC9E005C37B1 = {
						CreatedOnToolsVersion = 16.3;
					};
					C5BE4B402DE7CC9F005C37B1 = {
						CreatedOnToolsVersion = 16.3;
						TestTargetID = C5BE4B332DE7CC9E005C37B1;
					};
					C5BE4B4A2DE7CC9F005C37B1 = {
						CreatedOnToolsVersion = 16.3;
						TestTargetID = C5BE4B332DE7CC9E005C37B1;
					};
					C5E6A71C2E2BE6CD00EC05F4 = {
						CreatedOnToolsVersion = 16.4;
					};
				};
			};
			buildConfigurationList = C5BE4B2F2DE7CC9E005C37B1 /* Build configuration list for PBXProject "d2d-studio" */;
			developmentRegion = en;
			hasScannedForEncodings = 0;
			knownRegions = (
				en,
				Base,
			);
			mainGroup = C5BE4B2B2DE7CC9E005C37B1;
			minimizedProjectReferenceProxies = 1;
			packageReferences = (
				C53F34022DE9E5D900372BEE /* XCRemoteSwiftPackageReference "SQLite" */,
				C5FB3DC92E2D81FD00586E5D /* XCRemoteSwiftPackageReference "PhoneNumberKit" */,
			);
			preferredProjectObjectVersion = 77;
			productRefGroup = C5BE4B352DE7CC9E005C37B1 /* Products */;
			projectDirPath = "";
			projectRoot = "";
			targets = (
				C5BE4B332DE7CC9E005C37B1 /* d2d-studio */,
				C5E6A71C2E2BE6CD00EC05F4 /* d2d-widget-serviceExtension */,
				C5BE4B402DE7CC9F005C37B1 /* d2d-map-serviceTests */,
				C5BE4B4A2DE7CC9F005C37B1 /* d2d-map-serviceUITests */,
			);
		};
/* End PBXProject section */

/* Begin PBXResourcesBuildPhase section */
		C5BE4B322DE7CC9E005C37B1 /* Resources */ = {
			isa = PBXResourcesBuildPhase;
			buildActionMask = 2147483647;
			files = (
				C5855D892DF073A700B479AE /* .gitignore in Resources */,
			);
			runOnlyForDeploymentPostprocessing = 0;
		};
		C5BE4B3F2DE7CC9F005C37B1 /* Resources */ = {
			isa = PBXResourcesBuildPhase;
			buildActionMask = 2147483647;
			files = (
			);
			runOnlyForDeploymentPostprocessing = 0;
		};
		C5BE4B492DE7CC9F005C37B1 /* Resources */ = {
			isa = PBXResourcesBuildPhase;
			buildActionMask = 2147483647;
			files = (
			);
			runOnlyForDeploymentPostprocessing = 0;
		};
		C5E6A71B2E2BE6CD00EC05F4 /* Resources */ = {
			isa = PBXResourcesBuildPhase;
			buildActionMask = 2147483647;
			files = (
			);
			runOnlyForDeploymentPostprocessing = 0;
		};
/* End PBXResourcesBuildPhase section */

/* Begin PBXSourcesBuildPhase section */
		C5BE4B302DE7CC9E005C37B1 /* Sources */ = {
			isa = PBXSourcesBuildPhase;
			buildActionMask = 2147483647;
			files = (
			);
			runOnlyForDeploymentPostprocessing = 0;
		};
		C5BE4B3D2DE7CC9F005C37B1 /* Sources */ = {
			isa = PBXSourcesBuildPhase;
			buildActionMask = 2147483647;
			files = (
			);
			runOnlyForDeploymentPostprocessing = 0;
		};
		C5BE4B472DE7CC9F005C37B1 /* Sources */ = {
			isa = PBXSourcesBuildPhase;
			buildActionMask = 2147483647;
			files = (
			);
			runOnlyForDeploymentPostprocessing = 0;
		};
		C5E6A7192E2BE6CD00EC05F4 /* Sources */ = {
			isa = PBXSourcesBuildPhase;
			buildActionMask = 2147483647;
			files = (
			);
			runOnlyForDeploymentPostprocessing = 0;
		};
/* End PBXSourcesBuildPhase section */

/* Begin PBXTargetDependency section */
		C5BE4B432DE7CC9F005C37B1 /* PBXTargetDependency */ = {
			isa = PBXTargetDependency;
			target = C5BE4B332DE7CC9E005C37B1 /* d2d-studio */;
			targetProxy = C5BE4B422DE7CC9F005C37B1 /* PBXContainerItemProxy */;
		};
		C5BE4B4D2DE7CC9F005C37B1 /* PBXTargetDependency */ = {
			isa = PBXTargetDependency;
			target = C5BE4B332DE7CC9E005C37B1 /* d2d-studio */;
			targetProxy = C5BE4B4C2DE7CC9F005C37B1 /* PBXContainerItemProxy */;
		};
		C5E6A72E2E2BE6CD00EC05F4 /* PBXTargetDependency */ = {
			isa = PBXTargetDependency;
			target = C5E6A71C2E2BE6CD00EC05F4 /* d2d-widget-serviceExtension */;
			targetProxy = C5E6A72D2E2BE6CD00EC05F4 /* PBXContainerItemProxy */;
		};
/* End PBXTargetDependency section */

/* Begin XCBuildConfiguration section */
		C5BE4B532DE7CC9F005C37B1 /* Debug */ = {
			isa = XCBuildConfiguration;
			buildSettings = {
				ALWAYS_SEARCH_USER_PATHS = NO;
				ASSETCATALOG_COMPILER_GENERATE_SWIFT_ASSET_SYMBOL_EXTENSIONS = YES;
				CLANG_ANALYZER_NONNULL = YES;
				CLANG_ANALYZER_NUMBER_OBJECT_CONVERSION = YES_AGGRESSIVE;
				CLANG_CXX_LANGUAGE_STANDARD = "gnu++20";
				CLANG_ENABLE_MODULES = YES;
				CLANG_ENABLE_OBJC_ARC = YES;
				CLANG_ENABLE_OBJC_WEAK = YES;
				CLANG_WARN_BLOCK_CAPTURE_AUTORELEASING = YES;
				CLANG_WARN_BOOL_CONVERSION = YES;
				CLANG_WARN_COMMA = YES;
				CLANG_WARN_CONSTANT_CONVERSION = YES;
				CLANG_WARN_DEPRECATED_OBJC_IMPLEMENTATIONS = YES;
				CLANG_WARN_DIRECT_OBJC_ISA_USAGE = YES_ERROR;
				CLANG_WARN_DOCUMENTATION_COMMENTS = YES;
				CLANG_WARN_EMPTY_BODY = YES;
				CLANG_WARN_ENUM_CONVERSION = YES;
				CLANG_WARN_INFINITE_RECURSION = YES;
				CLANG_WARN_INT_CONVERSION = YES;
				CLANG_WARN_NON_LITERAL_NULL_CONVERSION = YES;
				CLANG_WARN_OBJC_IMPLICIT_RETAIN_SELF = YES;
				CLANG_WARN_OBJC_LITERAL_CONVERSION = YES;
				CLANG_WARN_OBJC_ROOT_CLASS = YES_ERROR;
				CLANG_WARN_QUOTED_INCLUDE_IN_FRAMEWORK_HEADER = YES;
				CLANG_WARN_RANGE_LOOP_ANALYSIS = YES;
				CLANG_WARN_STRICT_PROTOTYPES = YES;
				CLANG_WARN_SUSPICIOUS_MOVE = YES;
				CLANG_WARN_UNGUARDED_AVAILABILITY = YES_AGGRESSIVE;
				CLANG_WARN_UNREACHABLE_CODE = YES;
				CLANG_WARN__DUPLICATE_METHOD_MATCH = YES;
				COPY_PHASE_STRIP = NO;
				DEBUG_INFORMATION_FORMAT = dwarf;
				DEVELOPMENT_TEAM = Y3JJD7DBP3;
				ENABLE_STRICT_OBJC_MSGSEND = YES;
				ENABLE_TESTABILITY = YES;
				ENABLE_USER_SCRIPT_SANDBOXING = YES;
				GCC_C_LANGUAGE_STANDARD = gnu17;
				GCC_DYNAMIC_NO_PIC = NO;
				GCC_NO_COMMON_BLOCKS = YES;
				GCC_OPTIMIZATION_LEVEL = 0;
				GCC_PREPROCESSOR_DEFINITIONS = (
					"DEBUG=1",
					"$(inherited)",
				);
				GCC_WARN_64_TO_32_BIT_CONVERSION = YES;
				GCC_WARN_ABOUT_RETURN_TYPE = YES_ERROR;
				GCC_WARN_UNDECLARED_SELECTOR = YES;
				GCC_WARN_UNINITIALIZED_AUTOS = YES_AGGRESSIVE;
				GCC_WARN_UNUSED_FUNCTION = YES;
				GCC_WARN_UNUSED_VARIABLE = YES;
				IPHONEOS_DEPLOYMENT_TARGET = 26.0;
				LOCALIZATION_PREFERS_STRING_CATALOGS = YES;
				MTL_ENABLE_DEBUG_INFO = INCLUDE_SOURCE;
				MTL_FAST_MATH = YES;
				ONLY_ACTIVE_ARCH = YES;
				SDKROOT = iphoneos;
				SWIFT_ACTIVE_COMPILATION_CONDITIONS = "DEBUG $(inherited)";
				SWIFT_OPTIMIZATION_LEVEL = "-Onone";
				SWIFT_VERSION = 6.0;
			};
			name = Debug;
		};
		C5BE4B542DE7CC9F005C37B1 /* Release */ = {
			isa = XCBuildConfiguration;
			buildSettings = {
				ALWAYS_SEARCH_USER_PATHS = NO;
				ASSETCATALOG_COMPILER_GENERATE_SWIFT_ASSET_SYMBOL_EXTENSIONS = YES;
				CLANG_ANALYZER_NONNULL = YES;
				CLANG_ANALYZER_NUMBER_OBJECT_CONVERSION = YES_AGGRESSIVE;
				CLANG_CXX_LANGUAGE_STANDARD = "gnu++20";
				CLANG_ENABLE_MODULES = YES;
				CLANG_ENABLE_OBJC_ARC = YES;
				CLANG_ENABLE_OBJC_WEAK = YES;
				CLANG_WARN_BLOCK_CAPTURE_AUTORELEASING = YES;
				CLANG_WARN_BOOL_CONVERSION = YES;
				CLANG_WARN_COMMA = YES;
				CLANG_WARN_CONSTANT_CONVERSION = YES;
				CLANG_WARN_DEPRECATED_OBJC_IMPLEMENTATIONS = YES;
				CLANG_WARN_DIRECT_OBJC_ISA_USAGE = YES_ERROR;
				CLANG_WARN_DOCUMENTATION_COMMENTS = YES;
				CLANG_WARN_EMPTY_BODY = YES;
				CLANG_WARN_ENUM_CONVERSION = YES;
				CLANG_WARN_INFINITE_RECURSION = YES;
				CLANG_WARN_INT_CONVERSION = YES;
				CLANG_WARN_NON_LITERAL_NULL_CONVERSION = YES;
				CLANG_WARN_OBJC_IMPLICIT_RETAIN_SELF = YES;
				CLANG_WARN_OBJC_LITERAL_CONVERSION = YES;
				CLANG_WARN_OBJC_ROOT_CLASS = YES_ERROR;
				CLANG_WARN_QUOTED_INCLUDE_IN_FRAMEWORK_HEADER = YES;
				CLANG_WARN_RANGE_LOOP_ANALYSIS = YES;
				CLANG_WARN_STRICT_PROTOTYPES = YES;
				CLANG_WARN_SUSPICIOUS_MOVE = YES;
				CLANG_WARN_UNGUARDED_AVAILABILITY = YES_AGGRESSIVE;
				CLANG_WARN_UNREACHABLE_CODE = YES;
				CLANG_WARN__DUPLICATE_METHOD_MATCH = YES;
				COPY_PHASE_STRIP = NO;
				DEBUG_INFORMATION_FORMAT = "dwarf-with-dsym";
				DEVELOPMENT_TEAM = Y3JJD7DBP3;
				ENABLE_NS_ASSERTIONS = NO;
				ENABLE_STRICT_OBJC_MSGSEND = YES;
				ENABLE_USER_SCRIPT_SANDBOXING = YES;
				GCC_C_LANGUAGE_STANDARD = gnu17;
				GCC_NO_COMMON_BLOCKS = YES;
				GCC_WARN_64_TO_32_BIT_CONVERSION = YES;
				GCC_WARN_ABOUT_RETURN_TYPE = YES_ERROR;
				GCC_WARN_UNDECLARED_SELECTOR = YES;
				GCC_WARN_UNINITIALIZED_AUTOS = YES_AGGRESSIVE;
				GCC_WARN_UNUSED_FUNCTION = YES;
				GCC_WARN_UNUSED_VARIABLE = YES;
				IPHONEOS_DEPLOYMENT_TARGET = 26.0;
				LOCALIZATION_PREFERS_STRING_CATALOGS = YES;
				MTL_ENABLE_DEBUG_INFO = NO;
				MTL_FAST_MATH = YES;
				SDKROOT = iphoneos;
				SWIFT_COMPILATION_MODE = wholemodule;
				SWIFT_VERSION = 6.0;
				VALIDATE_PRODUCT = YES;
			};
			name = Release;
		};
		C5BE4B562DE7CC9F005C37B1 /* Debug */ = {
			isa = XCBuildConfiguration;
			buildSettings = {
				ASSETCATALOG_COMPILER_APPICON_NAME = AppIcon;
				ASSETCATALOG_COMPILER_GLOBAL_ACCENT_COLOR_NAME = AccentColor;
				CODE_SIGN_ENTITLEMENTS = "d2d-studio/d2d-studio.entitlements";
				CODE_SIGN_IDENTITY = "Apple Development";
				"CODE_SIGN_IDENTITY[sdk=iphoneos*]" = "iPhone Distribution";
				CODE_SIGN_STYLE = Manual;
				CURRENT_PROJECT_VERSION = 1;
				DEVELOPMENT_TEAM = "";
				"DEVELOPMENT_TEAM[sdk=iphoneos*]" = Y3JJD7DBP3;
				ENABLE_PREVIEWS = YES;
				GENERATE_INFOPLIST_FILE = YES;
				INFOPLIST_FILE = "d2d-studio/Info.plist";
				INFOPLIST_KEY_CFBundleDisplayName = "D2D Studio";
				INFOPLIST_KEY_ITSAppUsesNonExemptEncryption = NO;
				INFOPLIST_KEY_LSApplicationCategoryType = "public.app-category.business";
				INFOPLIST_KEY_LSSupportsOpeningDocumentsInPlace = YES;
				INFOPLIST_KEY_NSCalendarsUsageDescription = "This app uses your calendar to schedule follow-up appointments.";
				INFOPLIST_KEY_NSContactsUsageDescription = "This app uses contacts to export prospects.";
				INFOPLIST_KEY_NSLocationWhenInUseUsageDescription = "\"This app needs access to your location to show it on the map.\"";
				INFOPLIST_KEY_NSMicrophoneUsageDescription = "This app uses the microphone to record knock conversations for training and review.";
				INFOPLIST_KEY_NSSpeechRecognitionUsageDescription = "We use your voice to improve sales objection handling.";
				INFOPLIST_KEY_UIApplicationSceneManifest_Generation = YES;
				INFOPLIST_KEY_UIApplicationSupportsIndirectInputEvents = YES;
				INFOPLIST_KEY_UILaunchScreen_Generation = YES;
				INFOPLIST_KEY_UISupportedInterfaceOrientations_iPad = "UIInterfaceOrientationPortrait UIInterfaceOrientationPortraitUpsideDown UIInterfaceOrientationLandscapeLeft UIInterfaceOrientationLandscapeRight";
				INFOPLIST_KEY_UISupportedInterfaceOrientations_iPhone = "UIInterfaceOrientationPortrait UIInterfaceOrientationLandscapeLeft UIInterfaceOrientationLandscapeRight";
				INFOPLIST_KEY_UIUserInterfaceStyle = Light;
				IPHONEOS_DEPLOYMENT_TARGET = 26.0;
				LD_RUNPATH_SEARCH_PATHS = (
					"$(inherited)",
					"@executable_path/Frameworks",
				);
				MARKETING_VERSION = 4.9;
				PRODUCT_BUNDLE_IDENTIFIER = "okic.d2d-map-service";
				PRODUCT_NAME = "$(TARGET_NAME)";
				PROVISIONING_PROFILE_SPECIFIER = "";
				"PROVISIONING_PROFILE_SPECIFIER[sdk=iphoneos*]" = "Prod Dist Profile 3";
				SUPPORTED_PLATFORMS = "iphoneos iphonesimulator";
				SUPPORTS_MACCATALYST = NO;
				SUPPORTS_MAC_DESIGNED_FOR_IPHONE_IPAD = NO;
				SUPPORTS_XR_DESIGNED_FOR_IPHONE_IPAD = NO;
				SWIFT_EMIT_LOC_STRINGS = YES;
				SWIFT_VERSION = 6.0;
				TARGETED_DEVICE_FAMILY = 1;
			};
			name = Debug;
		};
		C5BE4B572DE7CC9F005C37B1 /* Release */ = {
			isa = XCBuildConfiguration;
			buildSettings = {
				ASSETCATALOG_COMPILER_APPICON_NAME = AppIcon;
				ASSETCATALOG_COMPILER_GLOBAL_ACCENT_COLOR_NAME = AccentColor;
				CODE_SIGN_ENTITLEMENTS = "d2d-studio/d2d-studio.entitlements";
				CODE_SIGN_IDENTITY = "Apple Development";
				"CODE_SIGN_IDENTITY[sdk=iphoneos*]" = "iPhone Distribution";
				CODE_SIGN_STYLE = Manual;
				CURRENT_PROJECT_VERSION = 1;
				DEVELOPMENT_TEAM = "";
				"DEVELOPMENT_TEAM[sdk=iphoneos*]" = Y3JJD7DBP3;
				ENABLE_PREVIEWS = YES;
				GENERATE_INFOPLIST_FILE = YES;
				INFOPLIST_FILE = "d2d-studio/Info.plist";
				INFOPLIST_KEY_CFBundleDisplayName = "D2D Studio";
				INFOPLIST_KEY_ITSAppUsesNonExemptEncryption = NO;
				INFOPLIST_KEY_LSApplicationCategoryType = "public.app-category.business";
				INFOPLIST_KEY_LSSupportsOpeningDocumentsInPlace = YES;
				INFOPLIST_KEY_NSCalendarsUsageDescription = "This app uses your calendar to schedule follow-up appointments.";
				INFOPLIST_KEY_NSContactsUsageDescription = "This app uses contacts to export prospects.";
				INFOPLIST_KEY_NSLocationWhenInUseUsageDescription = "\"This app needs access to your location to show it on the map.\"";
				INFOPLIST_KEY_NSMicrophoneUsageDescription = "This app uses the microphone to record knock conversations for training and review.";
				INFOPLIST_KEY_NSSpeechRecognitionUsageDescription = "We use your voice to improve sales objection handling.";
				INFOPLIST_KEY_UIApplicationSceneManifest_Generation = YES;
				INFOPLIST_KEY_UIApplicationSupportsIndirectInputEvents = YES;
				INFOPLIST_KEY_UILaunchScreen_Generation = YES;
				INFOPLIST_KEY_UISupportedInterfaceOrientations_iPad = "UIInterfaceOrientationPortrait UIInterfaceOrientationPortraitUpsideDown UIInterfaceOrientationLandscapeLeft UIInterfaceOrientationLandscapeRight";
				INFOPLIST_KEY_UISupportedInterfaceOrientations_iPhone = "UIInterfaceOrientationPortrait UIInterfaceOrientationLandscapeLeft UIInterfaceOrientationLandscapeRight";
				INFOPLIST_KEY_UIUserInterfaceStyle = Light;
				IPHONEOS_DEPLOYMENT_TARGET = 26.0;
				LD_RUNPATH_SEARCH_PATHS = (
					"$(inherited)",
					"@executable_path/Frameworks",
				);
				MARKETING_VERSION = 4.9;
				PRODUCT_BUNDLE_IDENTIFIER = "okic.d2d-map-service";
				PRODUCT_NAME = "$(TARGET_NAME)";
				PROVISIONING_PROFILE_SPECIFIER = "";
				"PROVISIONING_PROFILE_SPECIFIER[sdk=iphoneos*]" = "Prod Dist Profile 3";
				SUPPORTED_PLATFORMS = "iphoneos iphonesimulator";
				SUPPORTS_MACCATALYST = NO;
				SUPPORTS_MAC_DESIGNED_FOR_IPHONE_IPAD = NO;
				SUPPORTS_XR_DESIGNED_FOR_IPHONE_IPAD = NO;
				SWIFT_EMIT_LOC_STRINGS = YES;
				SWIFT_VERSION = 6.0;
				TARGETED_DEVICE_FAMILY = 1;
			};
			name = Release;
		};
		C5BE4B592DE7CC9F005C37B1 /* Debug */ = {
			isa = XCBuildConfiguration;
			buildSettings = {
				BUNDLE_LOADER = "$(TEST_HOST)";
				CODE_SIGN_STYLE = Automatic;
				CURRENT_PROJECT_VERSION = 1;
				DEVELOPMENT_TEAM = Y3JJD7DBP3;
				GENERATE_INFOPLIST_FILE = YES;
				IPHONEOS_DEPLOYMENT_TARGET = 26.0;
				MARKETING_VERSION = 1.0;
				PRODUCT_BUNDLE_IDENTIFIER = "okic.d2d-map-serviceTests";
				PRODUCT_NAME = "$(TARGET_NAME)";
				SWIFT_EMIT_LOC_STRINGS = NO;
				SWIFT_VERSION = 6.0;
				TARGETED_DEVICE_FAMILY = "1,2";
				TEST_HOST = "$(BUILT_PRODUCTS_DIR)/d2d-map-service.app/$(BUNDLE_EXECUTABLE_FOLDER_PATH)/d2d-map-service";
			};
			name = Debug;
		};
		C5BE4B5A2DE7CC9F005C37B1 /* Release */ = {
			isa = XCBuildConfiguration;
			buildSettings = {
				BUNDLE_LOADER = "$(TEST_HOST)";
				CODE_SIGN_STYLE = Automatic;
				CURRENT_PROJECT_VERSION = 1;
				DEVELOPMENT_TEAM = Y3JJD7DBP3;
				GENERATE_INFOPLIST_FILE = YES;
				IPHONEOS_DEPLOYMENT_TARGET = 26.0;
				MARKETING_VERSION = 1.0;
				PRODUCT_BUNDLE_IDENTIFIER = "okic.d2d-map-serviceTests";
				PRODUCT_NAME = "$(TARGET_NAME)";
				SWIFT_EMIT_LOC_STRINGS = NO;
				SWIFT_VERSION = 6.0;
				TARGETED_DEVICE_FAMILY = "1,2";
				TEST_HOST = "$(BUILT_PRODUCTS_DIR)/d2d-map-service.app/$(BUNDLE_EXECUTABLE_FOLDER_PATH)/d2d-map-service";
			};
			name = Release;
		};
		C5BE4B5C2DE7CC9F005C37B1 /* Debug */ = {
			isa = XCBuildConfiguration;
			buildSettings = {
				CODE_SIGN_STYLE = Automatic;
				CURRENT_PROJECT_VERSION = 1;
				DEVELOPMENT_TEAM = Y3JJD7DBP3;
				GENERATE_INFOPLIST_FILE = YES;
				IPHONEOS_DEPLOYMENT_TARGET = 26.0;
				MARKETING_VERSION = 1.0;
				PRODUCT_BUNDLE_IDENTIFIER = "okic.d2d-map-serviceUITests";
				PRODUCT_NAME = "$(TARGET_NAME)";
				SWIFT_EMIT_LOC_STRINGS = NO;
				SWIFT_VERSION = 6.0;
				TARGETED_DEVICE_FAMILY = "1,2";
				TEST_TARGET_NAME = "d2d-map-service";
			};
			name = Debug;
		};
		C5BE4B5D2DE7CC9F005C37B1 /* Release */ = {
			isa = XCBuildConfiguration;
			buildSettings = {
				CODE_SIGN_STYLE = Automatic;
				CURRENT_PROJECT_VERSION = 1;
				DEVELOPMENT_TEAM = Y3JJD7DBP3;
				GENERATE_INFOPLIST_FILE = YES;
				IPHONEOS_DEPLOYMENT_TARGET = 26.0;
				MARKETING_VERSION = 1.0;
				PRODUCT_BUNDLE_IDENTIFIER = "okic.d2d-map-serviceUITests";
				PRODUCT_NAME = "$(TARGET_NAME)";
				SWIFT_EMIT_LOC_STRINGS = NO;
				SWIFT_VERSION = 6.0;
				TARGETED_DEVICE_FAMILY = "1,2";
				TEST_TARGET_NAME = "d2d-map-service";
			};
			name = Release;
		};
		C5E6A7312E2BE6CD00EC05F4 /* Debug */ = {
			isa = XCBuildConfiguration;
			buildSettings = {
				ASSETCATALOG_COMPILER_GLOBAL_ACCENT_COLOR_NAME = AccentColor;
				ASSETCATALOG_COMPILER_WIDGET_BACKGROUND_COLOR_NAME = WidgetBackground;
				CODE_SIGN_ENTITLEMENTS = "d2d-widget-serviceExtension.entitlements";
				CODE_SIGN_IDENTITY = "Apple Development";
				"CODE_SIGN_IDENTITY[sdk=iphoneos*]" = "iPhone Distribution";
				CODE_SIGN_STYLE = Manual;
				CURRENT_PROJECT_VERSION = 1;
				DEVELOPMENT_TEAM = "";
				"DEVELOPMENT_TEAM[sdk=iphoneos*]" = Y3JJD7DBP3;
				GENERATE_INFOPLIST_FILE = YES;
				INFOPLIST_FILE = "d2d-widget-service/Info.plist";
				INFOPLIST_KEY_CFBundleDisplayName = "d2d-widget-service";
				INFOPLIST_KEY_NSHumanReadableCopyright = "";
				IPHONEOS_DEPLOYMENT_TARGET = 26.0;
				LD_RUNPATH_SEARCH_PATHS = (
					"$(inherited)",
					"@executable_path/Frameworks",
					"@executable_path/../../Frameworks",
				);
				MARKETING_VERSION = 4.1;
				PRODUCT_BUNDLE_IDENTIFIER = "okic.d2d-map-service.d2d-widget-service";
				PRODUCT_NAME = "$(TARGET_NAME)";
				PROVISIONING_PROFILE_SPECIFIER = "";
				"PROVISIONING_PROFILE_SPECIFIER[sdk=iphoneos*]" = "Widget Prod Dist Profile 2";
				SKIP_INSTALL = YES;
				SWIFT_EMIT_LOC_STRINGS = YES;
				SWIFT_VERSION = 6.0;
				TARGETED_DEVICE_FAMILY = "1,2";
			};
			name = Debug;
		};
		C5E6A7322E2BE6CD00EC05F4 /* Release */ = {
			isa = XCBuildConfiguration;
			buildSettings = {
				ASSETCATALOG_COMPILER_GLOBAL_ACCENT_COLOR_NAME = AccentColor;
				ASSETCATALOG_COMPILER_WIDGET_BACKGROUND_COLOR_NAME = WidgetBackground;
				CODE_SIGN_ENTITLEMENTS = "d2d-widget-serviceExtension.entitlements";
				CODE_SIGN_IDENTITY = "Apple Development";
				"CODE_SIGN_IDENTITY[sdk=iphoneos*]" = "iPhone Distribution";
				CODE_SIGN_STYLE = Manual;
				CURRENT_PROJECT_VERSION = 1;
				DEVELOPMENT_TEAM = "";
				"DEVELOPMENT_TEAM[sdk=iphoneos*]" = Y3JJD7DBP3;
				GENERATE_INFOPLIST_FILE = YES;
				INFOPLIST_FILE = "d2d-widget-service/Info.plist";
				INFOPLIST_KEY_CFBundleDisplayName = "d2d-widget-service";
				INFOPLIST_KEY_NSHumanReadableCopyright = "";
				IPHONEOS_DEPLOYMENT_TARGET = 26.0;
				LD_RUNPATH_SEARCH_PATHS = (
					"$(inherited)",
					"@executable_path/Frameworks",
					"@executable_path/../../Frameworks",
				);
				MARKETING_VERSION = 4.1;
				PRODUCT_BUNDLE_IDENTIFIER = "okic.d2d-map-service.d2d-widget-service";
				PRODUCT_NAME = "$(TARGET_NAME)";
				PROVISIONING_PROFILE_SPECIFIER = "";
				"PROVISIONING_PROFILE_SPECIFIER[sdk=iphoneos*]" = "Widget Prod Dist Profile 2";
				SKIP_INSTALL = YES;
				SWIFT_EMIT_LOC_STRINGS = YES;
				SWIFT_VERSION = 6.0;
				TARGETED_DEVICE_FAMILY = "1,2";
			};
			name = Release;
		};
/* End XCBuildConfiguration section */

/* Begin XCConfigurationList section */
		C5BE4B2F2DE7CC9E005C37B1 /* Build configuration list for PBXProject "d2d-studio" */ = {
			isa = XCConfigurationList;
			buildConfigurations = (
				C5BE4B532DE7CC9F005C37B1 /* Debug */,
				C5BE4B542DE7CC9F005C37B1 /* Release */,
			);
			defaultConfigurationIsVisible = 0;
			defaultConfigurationName = Release;
		};
		C5BE4B552DE7CC9F005C37B1 /* Build configuration list for PBXNativeTarget "d2d-studio" */ = {
			isa = XCConfigurationList;
			buildConfigurations = (
				C5BE4B562DE7CC9F005C37B1 /* Debug */,
				C5BE4B572DE7CC9F005C37B1 /* Release */,
			);
			defaultConfigurationIsVisible = 0;
			defaultConfigurationName = Release;
		};
		C5BE4B582DE7CC9F005C37B1 /* Build configuration list for PBXNativeTarget "d2d-map-serviceTests" */ = {
			isa = XCConfigurationList;
			buildConfigurations = (
				C5BE4B592DE7CC9F005C37B1 /* Debug */,
				C5BE4B5A2DE7CC9F005C37B1 /* Release */,
			);
			defaultConfigurationIsVisible = 0;
			defaultConfigurationName = Release;
		};
		C5BE4B5B2DE7CC9F005C37B1 /* Build configuration list for PBXNativeTarget "d2d-map-serviceUITests" */ = {
			isa = XCConfigurationList;
			buildConfigurations = (
				C5BE4B5C2DE7CC9F005C37B1 /* Debug */,
				C5BE4B5D2DE7CC9F005C37B1 /* Release */,
			);
			defaultConfigurationIsVisible = 0;
			defaultConfigurationName = Release;
		};
		C5E6A7332E2BE6CD00EC05F4 /* Build configuration list for PBXNativeTarget "d2d-widget-serviceExtension" */ = {
			isa = XCConfigurationList;
			buildConfigurations = (
				C5E6A7312E2BE6CD00EC05F4 /* Debug */,
				C5E6A7322E2BE6CD00EC05F4 /* Release */,
			);
			defaultConfigurationIsVisible = 0;
			defaultConfigurationName = Release;
		};
/* End XCConfigurationList section */

/* Begin XCRemoteSwiftPackageReference section */
		C53F34022DE9E5D900372BEE /* XCRemoteSwiftPackageReference "SQLite" */ = {
			isa = XCRemoteSwiftPackageReference;
			repositoryURL = "https://github.com/stephencelis/SQLite.swift";
			requirement = {
				kind = upToNextMajorVersion;
				minimumVersion = 0.15.3;
			};
		};
		C5FB3DC92E2D81FD00586E5D /* XCRemoteSwiftPackageReference "PhoneNumberKit" */ = {
			isa = XCRemoteSwiftPackageReference;
			repositoryURL = "https://github.com/marmelroy/PhoneNumberKit";
			requirement = {
				kind = upToNextMajorVersion;
				minimumVersion = 4.1.3;
			};
		};
/* End XCRemoteSwiftPackageReference section */

/* Begin XCSwiftPackageProductDependency section */
		C53F34032DE9E60900372BEE /* SQLite */ = {
			isa = XCSwiftPackageProductDependency;
			package = C53F34022DE9E5D900372BEE /* XCRemoteSwiftPackageReference "SQLite" */;
			productName = SQLite;
		};
		C5FB3DCA2E2D81FD00586E5D /* PhoneNumberKit */ = {
			isa = XCSwiftPackageProductDependency;
			package = C5FB3DC92E2D81FD00586E5D /* XCRemoteSwiftPackageReference "PhoneNumberKit" */;
			productName = PhoneNumberKit;
		};
		C5FB3DCE2E2D81FD00586E5D /* PhoneNumberKit-Static */ = {
			isa = XCSwiftPackageProductDependency;
			package = C5FB3DC92E2D81FD00586E5D /* XCRemoteSwiftPackageReference "PhoneNumberKit" */;
			productName = "PhoneNumberKit-Static";
		};
/* End XCSwiftPackageProductDependency section */
	};
	rootObject = C5BE4B2C2DE7CC9E005C37B1 /* Project object */;
}
