// !$*UTF8*$!
{
	archiveVersion = 1;
	classes = {
	};
	objectVersion = 77;
	objects = {

/* Begin PBXBuildFile section */
		C53F34042DE9E60900372BEE /* SQLite in Frameworks */ = {isa = PBXBuildFile; productRef = C53F34032DE9E60900372BEE /* SQLite */; };
		C54048442DF4B32A00721D49 /* README.md in Resources */ = {isa = PBXBuildFile; fileRef = C54048432DF4B32A00721D49 /* README.md */; };
		C5855D892DF073A700B479AE /* .gitignore in Resources */ = {isa = PBXBuildFile; fileRef = C5855D882DF073A300B479AE /* .gitignore */; };
/* End PBXBuildFile section */

/* Begin PBXContainerItemProxy section */
		C5BE4B422DE7CC9F005C37B1 /* PBXContainerItemProxy */ = {
			isa = PBXContainerItemProxy;
			containerPortal = C5BE4B2C2DE7CC9E005C37B1 /* Project object */;
			proxyType = 1;
			remoteGlobalIDString = C5BE4B332DE7CC9E005C37B1;
			remoteInfo = "d2d-map-service";
		};
		C5BE4B4C2DE7CC9F005C37B1 /* PBXContainerItemProxy */ = {
			isa = PBXContainerItemProxy;
			containerPortal = C5BE4B2C2DE7CC9E005C37B1 /* Project object */;
			proxyType = 1;
			remoteGlobalIDString = C5BE4B332DE7CC9E005C37B1;
			remoteInfo = "d2d-map-service";
		};
/* End PBXContainerItemProxy section */

/* Begin PBXFileReference section */
		C54048432DF4B32A00721D49 /* README.md */ = {isa = PBXFileReference; lastKnownFileType = net.daringfireball.markdown; path = README.md; sourceTree = "<group>"; };
		C5855D882DF073A300B479AE /* .gitignore */ = {isa = PBXFileReference; lastKnownFileType = text; path = .gitignore; sourceTree = "<group>"; };
		C5BE4B342DE7CC9E005C37B1 /* d2d-map-service.app */ = {isa = PBXFileReference; explicitFileType = wrapper.application; includeInIndex = 0; path = "d2d-map-service.app"; sourceTree = BUILT_PRODUCTS_DIR; };
		C5BE4B412DE7CC9F005C37B1 /* d2d-map-serviceTests.xctest */ = {isa = PBXFileReference; explicitFileType = wrapper.cfbundle; includeInIndex = 0; path = "d2d-map-serviceTests.xctest"; sourceTree = BUILT_PRODUCTS_DIR; };
		C5BE4B4B2DE7CC9F005C37B1 /* d2d-map-serviceUITests.xctest */ = {isa = PBXFileReference; explicitFileType = wrapper.cfbundle; includeInIndex = 0; path = "d2d-map-serviceUITests.xctest"; sourceTree = BUILT_PRODUCTS_DIR; };
		C5E9F14F2DEB6CAB000A771B /* d2d-map-service.xctestplan */ = {isa = PBXFileReference; lastKnownFileType = text; path = "d2d-map-service.xctestplan"; sourceTree = "<group>"; };
/* End PBXFileReference section */

/* Begin PBXFileSystemSynchronizedBuildFileExceptionSet section */
		C59F0F852DE7CEAB00D186C5 /* Exceptions for "d2d-map-service" folder in "d2d-map-service" target */ = {
			isa = PBXFileSystemSynchronizedBuildFileExceptionSet;
			membershipExceptions = (
				Info.plist,
			);
			target = C5BE4B332DE7CC9E005C37B1 /* d2d-map-service */;
		};
/* End PBXFileSystemSynchronizedBuildFileExceptionSet section */

/* Begin PBXFileSystemSynchronizedRootGroup section */
		C5BE4B362DE7CC9E005C37B1 /* d2d-map-service */ = {
			isa = PBXFileSystemSynchronizedRootGroup;
			exceptions = (
				C59F0F852DE7CEAB00D186C5 /* Exceptions for "d2d-map-service" folder in "d2d-map-service" target */,
			);
			path = "d2d-map-service";
			sourceTree = "<group>";
		};
		C5BE4B442DE7CC9F005C37B1 /* d2d-map-serviceTests */ = {
			isa = PBXFileSystemSynchronizedRootGroup;
			path = "d2d-map-serviceTests";
			sourceTree = "<group>";
		};
		C5BE4B4E2DE7CC9F005C37B1 /* d2d-map-serviceUITests */ = {
			isa = PBXFileSystemSynchronizedRootGroup;
			path = "d2d-map-serviceUITests";
			sourceTree = "<group>";
		};
/* End PBXFileSystemSynchronizedRootGroup section */

/* Begin PBXFrameworksBuildPhase section */
		C5BE4B312DE7CC9E005C37B1 /* Frameworks */ = {
			isa = PBXFrameworksBuildPhase;
			buildActionMask = 2147483647;
			files = (
				C53F34042DE9E60900372BEE /* SQLite in Frameworks */,
			);
			runOnlyForDeploymentPostprocessing = 0;
		};
		C5BE4B3E2DE7CC9F005C37B1 /* Frameworks */ = {
			isa = PBXFrameworksBuildPhase;
			buildActionMask = 2147483647;
			files = (
			);
			runOnlyForDeploymentPostprocessing = 0;
		};
		C5BE4B482DE7CC9F005C37B1 /* Frameworks */ = {
			isa = PBXFrameworksBuildPhase;
			buildActionMask = 2147483647;
			files = (
			);
			runOnlyForDeploymentPostprocessing = 0;
		};
/* End PBXFrameworksBuildPhase section */

/* Begin PBXGroup section */
		C5BE4B2B2DE7CC9E005C37B1 = {
			isa = PBXGroup;
			children = (
				C54048432DF4B32A00721D49 /* README.md */,
				C5855D882DF073A300B479AE /* .gitignore */,
				C5E9F14F2DEB6CAB000A771B /* d2d-map-service.xctestplan */,
				C5BE4B362DE7CC9E005C37B1 /* d2d-map-service */,
				C5BE4B442DE7CC9F005C37B1 /* d2d-map-serviceTests */,
				C5BE4B4E2DE7CC9F005C37B1 /* d2d-map-serviceUITests */,
				C5BE4B352DE7CC9E005C37B1 /* Products */,
			);
			sourceTree = "<group>";
		};
		C5BE4B352DE7CC9E005C37B1 /* Products */ = {
			isa = PBXGroup;
			children = (
				C5BE4B342DE7CC9E005C37B1 /* d2d-map-service.app */,
				C5BE4B412DE7CC9F005C37B1 /* d2d-map-serviceTests.xctest */,
				C5BE4B4B2DE7CC9F005C37B1 /* d2d-map-serviceUITests.xctest */,
			);
			name = Products;
			sourceTree = "<group>";
		};
/* End PBXGroup section */

/* Begin PBXNativeTarget section */
		C5BE4B332DE7CC9E005C37B1 /* d2d-map-service */ = {
			isa = PBXNativeTarget;
			buildConfigurationList = C5BE4B552DE7CC9F005C37B1 /* Build configuration list for PBXNativeTarget "d2d-map-service" */;
			buildPhases = (
				C5BE4B302DE7CC9E005C37B1 /* Sources */,
				C5BE4B312DE7CC9E005C37B1 /* Frameworks */,
				C5BE4B322DE7CC9E005C37B1 /* Resources */,
			);
			buildRules = (
			);
			dependencies = (
			);
			fileSystemSynchronizedGroups = (
				C5BE4B362DE7CC9E005C37B1 /* d2d-map-service */,
			);
			name = "d2d-map-service";
			packageProductDependencies = (
				C53F34032DE9E60900372BEE /* SQLite */,
			);
			productName = "d2d-map-service";
			productReference = C5BE4B342DE7CC9E005C37B1 /* d2d-map-service.app */;
			productType = "com.apple.product-type.application";
		};
		C5BE4B402DE7CC9F005C37B1 /* d2d-map-serviceTests */ = {
			isa = PBXNativeTarget;
			buildConfigurationList = C5BE4B582DE7CC9F005C37B1 /* Build configuration list for PBXNativeTarget "d2d-map-serviceTests" */;
			buildPhases = (
				C5BE4B3D2DE7CC9F005C37B1 /* Sources */,
				C5BE4B3E2DE7CC9F005C37B1 /* Frameworks */,
				C5BE4B3F2DE7CC9F005C37B1 /* Resources */,
			);
			buildRules = (
			);
			dependencies = (
				C5BE4B432DE7CC9F005C37B1 /* PBXTargetDependency */,
			);
			fileSystemSynchronizedGroups = (
				C5BE4B442DE7CC9F005C37B1 /* d2d-map-serviceTests */,
			);
			name = "d2d-map-serviceTests";
			packageProductDependencies = (
			);
			productName = "d2d-map-serviceTests";
			productReference = C5BE4B412DE7CC9F005C37B1 /* d2d-map-serviceTests.xctest */;
			productType = "com.apple.product-type.bundle.unit-test";
		};
		C5BE4B4A2DE7CC9F005C37B1 /* d2d-map-serviceUITests */ = {
			isa = PBXNativeTarget;
			buildConfigurationList = C5BE4B5B2DE7CC9F005C37B1 /* Build configuration list for PBXNativeTarget "d2d-map-serviceUITests" */;
			buildPhases = (
				C5BE4B472DE7CC9F005C37B1 /* Sources */,
				C5BE4B482DE7CC9F005C37B1 /* Frameworks */,
				C5BE4B492DE7CC9F005C37B1 /* Resources */,
			);
			buildRules = (
			);
			dependencies = (
				C5BE4B4D2DE7CC9F005C37B1 /* PBXTargetDependency */,
			);
			fileSystemSynchronizedGroups = (
				C5BE4B4E2DE7CC9F005C37B1 /* d2d-map-serviceUITests */,
			);
			name = "d2d-map-serviceUITests";
			packageProductDependencies = (
			);
			productName = "d2d-map-serviceUITests";
			productReference = C5BE4B4B2DE7CC9F005C37B1 /* d2d-map-serviceUITests.xctest */;
			productType = "com.apple.product-type.bundle.ui-testing";
		};
/* End PBXNativeTarget section */

/* Begin PBXProject section */
		C5BE4B2C2DE7CC9E005C37B1 /* Project object */ = {
			isa = PBXProject;
			attributes = {
				BuildIndependentTargetsInParallel = 1;
				LastSwiftUpdateCheck = 1630;
				LastUpgradeCheck = 1630;
				TargetAttributes = {
					C5BE4B332DE7CC9E005C37B1 = {
						CreatedOnToolsVersion = 16.3;
					};
					C5BE4B402DE7CC9F005C37B1 = {
						CreatedOnToolsVersion = 16.3;
						TestTargetID = C5BE4B332DE7CC9E005C37B1;
					};
					C5BE4B4A2DE7CC9F005C37B1 = {
						CreatedOnToolsVersion = 16.3;
						TestTargetID = C5BE4B332DE7CC9E005C37B1;
					};
				};
			};
			buildConfigurationList = C5BE4B2F2DE7CC9E005C37B1 /* Build configuration list for PBXProject "d2d-map-service" */;
			developmentRegion = en;
			hasScannedForEncodings = 0;
			knownRegions = (
				en,
				Base,
			);
			mainGroup = C5BE4B2B2DE7CC9E005C37B1;
			minimizedProjectReferenceProxies = 1;
			packageReferences = (
				C53F34022DE9E5D900372BEE /* XCRemoteSwiftPackageReference "SQLite" */,
			);
			preferredProjectObjectVersion = 77;
			productRefGroup = C5BE4B352DE7CC9E005C37B1 /* Products */;
			projectDirPath = "";
			projectRoot = "";
			targets = (
				C5BE4B332DE7CC9E005C37B1 /* d2d-map-service */,
				C5BE4B402DE7CC9F005C37B1 /* d2d-map-serviceTests */,
				C5BE4B4A2DE7CC9F005C37B1 /* d2d-map-serviceUITests */,
			);
		};
/* End PBXProject section */

/* Begin PBXResourcesBuildPhase section */
		C5BE4B322DE7CC9E005C37B1 /* Resources */ = {
			isa = PBXResourcesBuildPhase;
			buildActionMask = 2147483647;
			files = (
				C54048442DF4B32A00721D49 /* README.md in Resources */,
				C5855D892DF073A700B479AE /* .gitignore in Resources */,
			);
			runOnlyForDeploymentPostprocessing = 0;
		};
		C5BE4B3F2DE7CC9F005C37B1 /* Resources */ = {
			isa = PBXResourcesBuildPhase;
			buildActionMask = 2147483647;
			files = (
			);
			runOnlyForDeploymentPostprocessing = 0;
		};
		C5BE4B492DE7CC9F005C37B1 /* Resources */ = {
			isa = PBXResourcesBuildPhase;
			buildActionMask = 2147483647;
			files = (
			);
			runOnlyForDeploymentPostprocessing = 0;
		};
/* End PBXResourcesBuildPhase section */

/* Begin PBXSourcesBuildPhase section */
		C5BE4B302DE7CC9E005C37B1 /* Sources */ = {
			isa = PBXSourcesBuildPhase;
			buildActionMask = 2147483647;
			files = (
			);
			runOnlyForDeploymentPostprocessing = 0;
		};
		C5BE4B3D2DE7CC9F005C37B1 /* Sources */ = {
			isa = PBXSourcesBuildPhase;
			buildActionMask = 2147483647;
			files = (
			);
			runOnlyForDeploymentPostprocessing = 0;
		};
		C5BE4B472DE7CC9F005C37B1 /* Sources */ = {
			isa = PBXSourcesBuildPhase;
			buildActionMask = 2147483647;
			files = (
			);
			runOnlyForDeploymentPostprocessing = 0;
		};
/* End PBXSourcesBuildPhase section */

/* Begin PBXTargetDependency section */
		C5BE4B432DE7CC9F005C37B1 /* PBXTargetDependency */ = {
			isa = PBXTargetDependency;
			target = C5BE4B332DE7CC9E005C37B1 /* d2d-map-service */;
			targetProxy = C5BE4B422DE7CC9F005C37B1 /* PBXContainerItemProxy */;
		};
		C5BE4B4D2DE7CC9F005C37B1 /* PBXTargetDependency */ = {
			isa = PBXTargetDependency;
			target = C5BE4B332DE7CC9E005C37B1 /* d2d-map-service */;
			targetProxy = C5BE4B4C2DE7CC9F005C37B1 /* PBXContainerItemProxy */;
		};
/* End PBXTargetDependency section */

/* Begin XCBuildConfiguration section */
		C5BE4B532DE7CC9F005C37B1 /* Debug */ = {
			isa = XCBuildConfiguration;
			buildSettings = {
				ALWAYS_SEARCH_USER_PATHS = NO;
				ASSETCATALOG_COMPILER_GENERATE_SWIFT_ASSET_SYMBOL_EXTENSIONS = YES;
				CLANG_ANALYZER_NONNULL = YES;
				CLANG_ANALYZER_NUMBER_OBJECT_CONVERSION = YES_AGGRESSIVE;
				CLANG_CXX_LANGUAGE_STANDARD = "gnu++20";
				CLANG_ENABLE_MODULES = YES;
				CLANG_ENABLE_OBJC_ARC = YES;
				CLANG_ENABLE_OBJC_WEAK = YES;
				CLANG_WARN_BLOCK_CAPTURE_AUTORELEASING = YES;
				CLANG_WARN_BOOL_CONVERSION = YES;
				CLANG_WARN_COMMA = YES;
				CLANG_WARN_CONSTANT_CONVERSION = YES;
				CLANG_WARN_DEPRECATED_OBJC_IMPLEMENTATIONS = YES;
				CLANG_WARN_DIRECT_OBJC_ISA_USAGE = YES_ERROR;
				CLANG_WARN_DOCUMENTATION_COMMENTS = YES;
				CLANG_WARN_EMPTY_BODY = YES;
				CLANG_WARN_ENUM_CONVERSION = YES;
				CLANG_WARN_INFINITE_RECURSION = YES;
				CLANG_WARN_INT_CONVERSION = YES;
				CLANG_WARN_NON_LITERAL_NULL_CONVERSION = YES;
				CLANG_WARN_OBJC_IMPLICIT_RETAIN_SELF = YES;
				CLANG_WARN_OBJC_LITERAL_CONVERSION = YES;
				CLANG_WARN_OBJC_ROOT_CLASS = YES_ERROR;
				CLANG_WARN_QUOTED_INCLUDE_IN_FRAMEWORK_HEADER = YES;
				CLANG_WARN_RANGE_LOOP_ANALYSIS = YES;
				CLANG_WARN_STRICT_PROTOTYPES = YES;
				CLANG_WARN_SUSPICIOUS_MOVE = YES;
				CLANG_WARN_UNGUARDED_AVAILABILITY = YES_AGGRESSIVE;
				CLANG_WARN_UNREACHABLE_CODE = YES;
				CLANG_WARN__DUPLICATE_METHOD_MATCH = YES;
				COPY_PHASE_STRIP = NO;
				DEBUG_INFORMATION_FORMAT = dwarf;
				DEVELOPMENT_TEAM = Y3JJD7DBP3;
				ENABLE_STRICT_OBJC_MSGSEND = YES;
				ENABLE_TESTABILITY = YES;
				ENABLE_USER_SCRIPT_SANDBOXING = YES;
				GCC_C_LANGUAGE_STANDARD = gnu17;
				GCC_DYNAMIC_NO_PIC = NO;
				GCC_NO_COMMON_BLOCKS = YES;
				GCC_OPTIMIZATION_LEVEL = 0;
				GCC_PREPROCESSOR_DEFINITIONS = (
					"DEBUG=1",
					"$(inherited)",
				);
				GCC_WARN_64_TO_32_BIT_CONVERSION = YES;
				GCC_WARN_ABOUT_RETURN_TYPE = YES_ERROR;
				GCC_WARN_UNDECLARED_SELECTOR = YES;
				GCC_WARN_UNINITIALIZED_AUTOS = YES_AGGRESSIVE;
				GCC_WARN_UNUSED_FUNCTION = YES;
				GCC_WARN_UNUSED_VARIABLE = YES;
				IPHONEOS_DEPLOYMENT_TARGET = 18.4;
				LOCALIZATION_PREFERS_STRING_CATALOGS = YES;
				MTL_ENABLE_DEBUG_INFO = INCLUDE_SOURCE;
				MTL_FAST_MATH = YES;
				ONLY_ACTIVE_ARCH = YES;
				SDKROOT = iphoneos;
				SWIFT_ACTIVE_COMPILATION_CONDITIONS = "DEBUG $(inherited)";
				SWIFT_OPTIMIZATION_LEVEL = "-Onone";
			};
			name = Debug;
		};
		C5BE4B542DE7CC9F005C37B1 /* Release */ = {
			isa = XCBuildConfiguration;
			buildSettings = {
				ALWAYS_SEARCH_USER_PATHS = NO;
				ASSETCATALOG_COMPILER_GENERATE_SWIFT_ASSET_SYMBOL_EXTENSIONS = YES;
				CLANG_ANALYZER_NONNULL = YES;
				CLANG_ANALYZER_NUMBER_OBJECT_CONVERSION = YES_AGGRESSIVE;
				CLANG_CXX_LANGUAGE_STANDARD = "gnu++20";
				CLANG_ENABLE_MODULES = YES;
				CLANG_ENABLE_OBJC_ARC = YES;
				CLANG_ENABLE_OBJC_WEAK = YES;
				CLANG_WARN_BLOCK_CAPTURE_AUTORELEASING = YES;
				CLANG_WARN_BOOL_CONVERSION = YES;
				CLANG_WARN_COMMA = YES;
				CLANG_WARN_CONSTANT_CONVERSION = YES;
				CLANG_WARN_DEPRECATED_OBJC_IMPLEMENTATIONS = YES;
				CLANG_WARN_DIRECT_OBJC_ISA_USAGE = YES_ERROR;
				CLANG_WARN_DOCUMENTATION_COMMENTS = YES;
				CLANG_WARN_EMPTY_BODY = YES;
				CLANG_WARN_ENUM_CONVERSION = YES;
				CLANG_WARN_INFINITE_RECURSION = YES;
				CLANG_WARN_INT_CONVERSION = YES;
				CLANG_WARN_NON_LITERAL_NULL_CONVERSION = YES;
				CLANG_WARN_OBJC_IMPLICIT_RETAIN_SELF = YES;
				CLANG_WARN_OBJC_LITERAL_CONVERSION = YES;
				CLANG_WARN_OBJC_ROOT_CLASS = YES_ERROR;
				CLANG_WARN_QUOTED_INCLUDE_IN_FRAMEWORK_HEADER = YES;
				CLANG_WARN_RANGE_LOOP_ANALYSIS = YES;
				CLANG_WARN_STRICT_PROTOTYPES = YES;
				CLANG_WARN_SUSPICIOUS_MOVE = YES;
				CLANG_WARN_UNGUARDED_AVAILABILITY = YES_AGGRESSIVE;
				CLANG_WARN_UNREACHABLE_CODE = YES;
				CLANG_WARN__DUPLICATE_METHOD_MATCH = YES;
				COPY_PHASE_STRIP = NO;
				DEBUG_INFORMATION_FORMAT = "dwarf-with-dsym";
				DEVELOPMENT_TEAM = Y3JJD7DBP3;
				ENABLE_NS_ASSERTIONS = NO;
				ENABLE_STRICT_OBJC_MSGSEND = YES;
				ENABLE_USER_SCRIPT_SANDBOXING = YES;
				GCC_C_LANGUAGE_STANDARD = gnu17;
				GCC_NO_COMMON_BLOCKS = YES;
				GCC_WARN_64_TO_32_BIT_CONVERSION = YES;
				GCC_WARN_ABOUT_RETURN_TYPE = YES_ERROR;
				GCC_WARN_UNDECLARED_SELECTOR = YES;
				GCC_WARN_UNINITIALIZED_AUTOS = YES_AGGRESSIVE;
				GCC_WARN_UNUSED_FUNCTION = YES;
				GCC_WARN_UNUSED_VARIABLE = YES;
				IPHONEOS_DEPLOYMENT_TARGET = 18.4;
				LOCALIZATION_PREFERS_STRING_CATALOGS = YES;
				MTL_ENABLE_DEBUG_INFO = NO;
				MTL_FAST_MATH = YES;
				SDKROOT = iphoneos;
				SWIFT_COMPILATION_MODE = wholemodule;
				VALIDATE_PRODUCT = YES;
			};
			name = Release;
		};
		C5BE4B562DE7CC9F005C37B1 /* Debug */ = {
			isa = XCBuildConfiguration;
			buildSettings = {
				ASSETCATALOG_COMPILER_APPICON_NAME = AppIcon;
				ASSETCATALOG_COMPILER_GLOBAL_ACCENT_COLOR_NAME = AccentColor;
				CODE_SIGN_STYLE = Automatic;
				CURRENT_PROJECT_VERSION = 1;
				DEVELOPMENT_TEAM = Y3JJD7DBP3;
				ENABLE_PREVIEWS = YES;
				GENERATE_INFOPLIST_FILE = YES;
				INFOPLIST_FILE = "d2d-map-service/Info.plist";
				INFOPLIST_KEY_UIApplicationSceneManifest_Generation = YES;
				INFOPLIST_KEY_UIApplicationSupportsIndirectInputEvents = YES;
				INFOPLIST_KEY_UILaunchScreen_Generation = YES;
				INFOPLIST_KEY_UISupportedInterfaceOrientations_iPad = "UIInterfaceOrientationPortrait UIInterfaceOrientationPortraitUpsideDown UIInterfaceOrientationLandscapeLeft UIInterfaceOrientationLandscapeRight";
				INFOPLIST_KEY_UISupportedInterfaceOrientations_iPhone = "UIInterfaceOrientationPortrait UIInterfaceOrientationLandscapeLeft UIInterfaceOrientationLandscapeRight";
				LD_RUNPATH_SEARCH_PATHS = (
					"$(inherited)",
					"@executable_path/Frameworks",
				);
				MARKETING_VERSION = 1.0;
				PRODUCT_BUNDLE_IDENTIFIER = "okic.d2d-map-service";
				PRODUCT_NAME = "$(TARGET_NAME)";
				SWIFT_EMIT_LOC_STRINGS = YES;
				SWIFT_VERSION = 5.0;
				TARGETED_DEVICE_FAMILY = "1,2";
			};
			name = Debug;
		};
		C5BE4B572DE7CC9F005C37B1 /* Release */ = {
			isa = XCBuildConfiguration;
			buildSettings = {
				ASSETCATALOG_COMPILER_APPICON_NAME = AppIcon;
				ASSETCATALOG_COMPILER_GLOBAL_ACCENT_COLOR_NAME = AccentColor;
				CODE_SIGN_STYLE = Automatic;
				CURRENT_PROJECT_VERSION = 1;
				DEVELOPMENT_TEAM = Y3JJD7DBP3;
				ENABLE_PREVIEWS = YES;
				GENERATE_INFOPLIST_FILE = YES;
				INFOPLIST_FILE = "d2d-map-service/Info.plist";
				INFOPLIST_KEY_UIApplicationSceneManifest_Generation = YES;
				INFOPLIST_KEY_UIApplicationSupportsIndirectInputEvents = YES;
				INFOPLIST_KEY_UILaunchScreen_Generation = YES;
				INFOPLIST_KEY_UISupportedInterfaceOrientations_iPad = "UIInterfaceOrientationPortrait UIInterfaceOrientationPortraitUpsideDown UIInterfaceOrientationLandscapeLeft UIInterfaceOrientationLandscapeRight";
				INFOPLIST_KEY_UISupportedInterfaceOrientations_iPhone = "UIInterfaceOrientationPortrait UIInterfaceOrientationLandscapeLeft UIInterfaceOrientationLandscapeRight";
				LD_RUNPATH_SEARCH_PATHS = (
					"$(inherited)",
					"@executable_path/Frameworks",
				);
				MARKETING_VERSION = 1.0;
				PRODUCT_BUNDLE_IDENTIFIER = "okic.d2d-map-service";
				PRODUCT_NAME = "$(TARGET_NAME)";
				SWIFT_EMIT_LOC_STRINGS = YES;
				SWIFT_VERSION = 5.0;
				TARGETED_DEVICE_FAMILY = "1,2";
			};
			name = Release;
		};
		C5BE4B592DE7CC9F005C37B1 /* Debug */ = {
			isa = XCBuildConfiguration;
			buildSettings = {
				BUNDLE_LOADER = "$(TEST_HOST)";
				CODE_SIGN_STYLE = Automatic;
				CURRENT_PROJECT_VERSION = 1;
				DEVELOPMENT_TEAM = Y3JJD7DBP3;
				GENERATE_INFOPLIST_FILE = YES;
				IPHONEOS_DEPLOYMENT_TARGET = 18.4;
				MARKETING_VERSION = 1.0;
				PRODUCT_BUNDLE_IDENTIFIER = "okic.d2d-map-serviceTests";
				PRODUCT_NAME = "$(TARGET_NAME)";
				SWIFT_EMIT_LOC_STRINGS = NO;
				SWIFT_VERSION = 5.0;
				TARGETED_DEVICE_FAMILY = "1,2";
				TEST_HOST = "$(BUILT_PRODUCTS_DIR)/d2d-map-service.app/$(BUNDLE_EXECUTABLE_FOLDER_PATH)/d2d-map-service";
			};
			name = Debug;
		};
		C5BE4B5A2DE7CC9F005C37B1 /* Release */ = {
			isa = XCBuildConfiguration;
			buildSettings = {
				BUNDLE_LOADER = "$(TEST_HOST)";
				CODE_SIGN_STYLE = Automatic;
				CURRENT_PROJECT_VERSION = 1;
				DEVELOPMENT_TEAM = Y3JJD7DBP3;
				GENERATE_INFOPLIST_FILE = YES;
				IPHONEOS_DEPLOYMENT_TARGET = 18.4;
				MARKETING_VERSION = 1.0;
				PRODUCT_BUNDLE_IDENTIFIER = "okic.d2d-map-serviceTests";
				PRODUCT_NAME = "$(TARGET_NAME)";
				SWIFT_EMIT_LOC_STRINGS = NO;
				SWIFT_VERSION = 5.0;
				TARGETED_DEVICE_FAMILY = "1,2";
				TEST_HOST = "$(BUILT_PRODUCTS_DIR)/d2d-map-service.app/$(BUNDLE_EXECUTABLE_FOLDER_PATH)/d2d-map-service";
			};
			name = Release;
		};
		C5BE4B5C2DE7CC9F005C37B1 /* Debug */ = {
			isa = XCBuildConfiguration;
			buildSettings = {
				CODE_SIGN_STYLE = Automatic;
				CURRENT_PROJECT_VERSION = 1;
				DEVELOPMENT_TEAM = Y3JJD7DBP3;
				GENERATE_INFOPLIST_FILE = YES;
				MARKETING_VERSION = 1.0;
				PRODUCT_BUNDLE_IDENTIFIER = "okic.d2d-map-serviceUITests";
				PRODUCT_NAME = "$(TARGET_NAME)";
				SWIFT_EMIT_LOC_STRINGS = NO;
				SWIFT_VERSION = 5.0;
				TARGETED_DEVICE_FAMILY = "1,2";
				TEST_TARGET_NAME = "d2d-map-service";
			};
			name = Debug;
		};
		C5BE4B5D2DE7CC9F005C37B1 /* Release */ = {
			isa = XCBuildConfiguration;
			buildSettings = {
				CODE_SIGN_STYLE = Automatic;
				CURRENT_PROJECT_VERSION = 1;
				DEVELOPMENT_TEAM = Y3JJD7DBP3;
				GENERATE_INFOPLIST_FILE = YES;
				MARKETING_VERSION = 1.0;
				PRODUCT_BUNDLE_IDENTIFIER = "okic.d2d-map-serviceUITests";
				PRODUCT_NAME = "$(TARGET_NAME)";
				SWIFT_EMIT_LOC_STRINGS = NO;
				SWIFT_VERSION = 5.0;
				TARGETED_DEVICE_FAMILY = "1,2";
				TEST_TARGET_NAME = "d2d-map-service";
			};
			name = Release;
		};
/* End XCBuildConfiguration section */

/* Begin XCConfigurationList section */
		C5BE4B2F2DE7CC9E005C37B1 /* Build configuration list for PBXProject "d2d-map-service" */ = {
			isa = XCConfigurationList;
			buildConfigurations = (
				C5BE4B532DE7CC9F005C37B1 /* Debug */,
				C5BE4B542DE7CC9F005C37B1 /* Release */,
			);
			defaultConfigurationIsVisible = 0;
			defaultConfigurationName = Release;
		};
		C5BE4B552DE7CC9F005C37B1 /* Build configuration list for PBXNativeTarget "d2d-map-service" */ = {
			isa = XCConfigurationList;
			buildConfigurations = (
				C5BE4B562DE7CC9F005C37B1 /* Debug */,
				C5BE4B572DE7CC9F005C37B1 /* Release */,
			);
			defaultConfigurationIsVisible = 0;
			defaultConfigurationName = Release;
		};
		C5BE4B582DE7CC9F005C37B1 /* Build configuration list for PBXNativeTarget "d2d-map-serviceTests" */ = {
			isa = XCConfigurationList;
			buildConfigurations = (
				C5BE4B592DE7CC9F005C37B1 /* Debug */,
				C5BE4B5A2DE7CC9F005C37B1 /* Release */,
			);
			defaultConfigurationIsVisible = 0;
			defaultConfigurationName = Release;
		};
		C5BE4B5B2DE7CC9F005C37B1 /* Build configuration list for PBXNativeTarget "d2d-map-serviceUITests" */ = {
			isa = XCConfigurationList;
			buildConfigurations = (
				C5BE4B5C2DE7CC9F005C37B1 /* Debug */,
				C5BE4B5D2DE7CC9F005C37B1 /* Release */,
			);
			defaultConfigurationIsVisible = 0;
			defaultConfigurationName = Release;
		};
/* End XCConfigurationList section */

/* Begin XCRemoteSwiftPackageReference section */
		C53F34022DE9E5D900372BEE /* XCRemoteSwiftPackageReference "SQLite" */ = {
			isa = XCRemoteSwiftPackageReference;
			repositoryURL = "https://github.com/stephencelis/SQLite.swift";
			requirement = {
				kind = upToNextMajorVersion;
				minimumVersion = 0.15.3;
			};
		};
/* End XCRemoteSwiftPackageReference section */

/* Begin XCSwiftPackageProductDependency section */
		C53F34032DE9E60900372BEE /* SQLite */ = {
			isa = XCSwiftPackageProductDependency;
			package = C53F34022DE9E5D900372BEE /* XCRemoteSwiftPackageReference "SQLite" */;
			productName = SQLite;
		};
/* End XCSwiftPackageProductDependency section */
	};
	rootObject = C5BE4B2C2DE7CC9E005C37B1 /* Project object */;
}
